
Microsoft Visual Studio Solution File, Format Version 12.00
# Visual Studio 15
VisualStudioVersion = 15.0.26124.0
MinimumVisualStudioVersion = 15.0.26124.0
Project("{2150E333-8FDC-42A3-9474-1A3956D46DE8}") = "src", "src", "{C8C6FD69-67AA-4371-9743-A2047E53C443}"
EndProject
Project("{FAE04EC0-301F-11D3-BF4B-00C04F79EFBC}") = "getPhone", "src\getPhone\getPhone.csproj", "{60972147-C93D-4878-AA7B-B3EB20CF693F}"
EndProject
Project("{FAE04EC0-301F-11D3-BF4B-00C04F79EFBC}") = "addUser", "src\addUser\addUser.csproj", "{2C7A6E8E-525D-4A72-9C5C-FC77506F8591}"
EndProject
Project("{FAE04EC0-301F-11D3-BF4B-00C04F79EFBC}") = "executeSqlQuery", "src\executeSqlQuery\executeSqlQuery.csproj", "{B128801E-677B-4D54-962C-4F67C8C52101}"
EndProject
Global
	GlobalSection(SolutionConfigurationPlatforms) = preSolution
		Debug|Any CPU = Debug|Any CPU
		Debug|x64 = Debug|x64
		Debug|x86 = Debug|x86
		Release|Any CPU = Release|Any CPU
		Release|x64 = Release|x64
		Release|x86 = Release|x86
	EndGlobalSection
	GlobalSection(SolutionProperties) = preSolution
		HideSolutionNode = FALSE
	EndGlobalSection
	GlobalSection(ProjectConfigurationPlatforms) = postSolution
		{60972147-C93D-4878-AA7B-B3EB20CF693F}.Debug|Any CPU.ActiveCfg = Debug|Any CPU
		{60972147-C93D-4878-AA7B-B3EB20CF693F}.Debug|Any CPU.Build.0 = Debug|Any CPU
		{60972147-C93D-4878-AA7B-B3EB20CF693F}.Debug|x64.ActiveCfg = Debug|Any CPU
		{60972147-C93D-4878-AA7B-B3EB20CF693F}.Debug|x64.Build.0 = Debug|Any CPU
		{60972147-C93D-4878-AA7B-B3EB20CF693F}.Debug|x86.ActiveCfg = Debug|Any CPU
		{60972147-C93D-4878-AA7B-B3EB20CF693F}.Debug|x86.Build.0 = Debug|Any CPU
		{60972147-C93D-4878-AA7B-B3EB20CF693F}.Release|Any CPU.ActiveCfg = Release|Any CPU
		{60972147-C93D-4878-AA7B-B3EB20CF693F}.Release|Any CPU.Build.0 = Release|Any CPU
		{60972147-C93D-4878-AA7B-B3EB20CF693F}.Release|x64.ActiveCfg = Release|Any CPU
		{60972147-C93D-4878-AA7B-B3EB20CF693F}.Release|x64.Build.0 = Release|Any CPU
		{60972147-C93D-4878-AA7B-B3EB20CF693F}.Release|x86.ActiveCfg = Release|Any CPU
		{60972147-C93D-4878-AA7B-B3EB20CF693F}.Release|x86.Build.0 = Release|Any CPU
		{2C7A6E8E-525D-4A72-9C5C-FC77506F8591}.Debug|Any CPU.ActiveCfg = Debug|Any CPU
		{2C7A6E8E-525D-4A72-9C5C-FC77506F8591}.Debug|Any CPU.Build.0 = Debug|Any CPU
		{2C7A6E8E-525D-4A72-9C5C-FC77506F8591}.Debug|x64.ActiveCfg = Debug|Any CPU
		{2C7A6E8E-525D-4A72-9C5C-FC77506F8591}.Debug|x64.Build.0 = Debug|Any CPU
		{2C7A6E8E-525D-4A72-9C5C-FC77506F8591}.Debug|x86.ActiveCfg = Debug|Any CPU
		{2C7A6E8E-525D-4A72-9C5C-FC77506F8591}.Debug|x86.Build.0 = Debug|Any CPU
		{2C7A6E8E-525D-4A72-9C5C-FC77506F8591}.Release|Any CPU.ActiveCfg = Release|Any CPU
		{2C7A6E8E-525D-4A72-9C5C-FC77506F8591}.Release|Any CPU.Build.0 = Release|Any CPU
		{2C7A6E8E-525D-4A72-9C5C-FC77506F8591}.Release|x64.ActiveCfg = Release|Any CPU
		{2C7A6E8E-525D-4A72-9C5C-FC77506F8591}.Release|x64.Build.0 = Release|Any CPU
		{2C7A6E8E-525D-4A72-9C5C-FC77506F8591}.Release|x86.ActiveCfg = Release|Any CPU
		{2C7A6E8E-525D-4A72-9C5C-FC77506F8591}.Release|x86.Build.0 = Release|Any CPU
		{B128801E-677B-4D54-962C-4F67C8C52101}.Debug|Any CPU.ActiveCfg = Debug|Any CPU
		{B128801E-677B-4D54-962C-4F67C8C52101}.Debug|Any CPU.Build.0 = Debug|Any CPU
		{B128801E-677B-4D54-962C-4F67C8C52101}.Debug|x64.ActiveCfg = Debug|Any CPU
		{B128801E-677B-4D54-962C-4F67C8C52101}.Debug|x64.Build.0 = Debug|Any CPU
		{B128801E-677B-4D54-962C-4F67C8C52101}.Debug|x86.ActiveCfg = Debug|Any CPU
		{B128801E-677B-4D54-962C-4F67C8C52101}.Debug|x86.Build.0 = Debug|Any CPU
		{B128801E-677B-4D54-962C-4F67C8C52101}.Release|Any CPU.ActiveCfg = Release|Any CPU
		{B128801E-677B-4D54-962C-4F67C8C52101}.Release|Any CPU.Build.0 = Release|Any CPU
		{B128801E-677B-4D54-962C-4F67C8C52101}.Release|x64.ActiveCfg = Release|Any CPU
		{B128801E-677B-4D54-962C-4F67C8C52101}.Release|x64.Build.0 = Release|Any CPU
		{B128801E-677B-4D54-962C-4F67C8C52101}.Release|x86.ActiveCfg = Release|Any CPU
		{B128801E-677B-4D54-962C-4F67C8C52101}.Release|x86.Build.0 = Release|Any CPU
	EndGlobalSection
	GlobalSection(NestedProjects) = preSolution
		{60972147-C93D-4878-AA7B-B3EB20CF693F} = {C8C6FD69-67AA-4371-9743-A2047E53C443}
		{2C7A6E8E-525D-4A72-9C5C-FC77506F8591} = {C8C6FD69-67AA-4371-9743-A2047E53C443}
		{B128801E-677B-4D54-962C-4F67C8C52101} = {C8C6FD69-67AA-4371-9743-A2047E53C443}
	EndGlobalSection
EndGlobal
